
Microsoft Visual Studio Solution File, Format Version 12.00
# Visual Studio Version 17
VisualStudioVersion = 17.0.31903.59
MinimumVisualStudioVersion = 10.0.40219.1
Project("{2150E333-8FDC-42A3-9474-1A3956D46DE8}") = "Lib", "Lib", "{CE07EAEF-F402-4B7C-91C5-BB5FA5CBAACE}"
EndProject
Project("{2150E333-8FDC-42A3-9474-1A3956D46DE8}") = "Isbm2RestClient", "Isbm2RestClient", "{34CB2120-193B-4656-AA9A-D8F8872F243F}"
EndProject
Project("{2150E333-8FDC-42A3-9474-1A3956D46DE8}") = "src", "src", "{52C531B3-DFC1-4A35-B609-EFF8311604AF}"
EndProject
Project("{9A19103F-16F7-4668-BE54-9A1E7A4F7556}") = "Isbm2Client", "Lib\Isbm2RestClient\src\Isbm2Client\Isbm2Client.csproj", "{097FE834-9ECA-4C26-AF12-167B4AF36618}"
EndProject
Project("{2150E333-8FDC-42A3-9474-1A3956D46DE8}") = "src", "src", "{E315CC81-1F19-4BFC-8620-985988E85838}"
EndProject
Project("{9A19103F-16F7-4668-BE54-9A1E7A4F7556}") = "AdapterServer", "src\AdapterServer\AdapterServer.csproj", "{32DE7338-297E-4B7F-B7D4-A5148C96452F}"
EndProject
Project("{9A19103F-16F7-4668-BE54-9A1E7A4F7556}") = "IsbmNotification", "src\IsbmNotification\IsbmNotification.csproj", "{EDEC8C60-5D2B-4944-9905-E00AC654BFC6}"
EndProject
Project("{9A19103F-16F7-4668-BE54-9A1E7A4F7556}") = "OiieAdminUi", "src\OiieAdminUi\OiieAdminUi.csproj", "{CEDB6C43-5B67-4B68-A9A5-2CCC074F58C5}"
EndProject
Project("{9A19103F-16F7-4668-BE54-9A1E7A4F7556}") = "TaskQueueing", "src\TaskQueueing\TaskQueueing.csproj", "{69AB5323-FA8B-42FB-9AB1-35D9EBB1BB28}"
EndProject
Project("{9A19103F-16F7-4668-BE54-9A1E7A4F7556}") = "Isbm2RestClient", "Lib\Isbm2RestClient\src\Isbm2RestClient\Isbm2RestClient.csproj", "{A20E2274-E6B8-4A91-8CC3-A693FC38EE0A}"
EndProject
Project("{2150E333-8FDC-42A3-9474-1A3956D46DE8}") = "test", "test", "{C76EBECF-303D-4D0E-947B-9B927EF60467}"
EndProject
Project("{2150E333-8FDC-42A3-9474-1A3956D46DE8}") = "unit", "unit", "{55B3199C-8526-4B89-8CFD-C706AE7EFA7F}"
EndProject
Project("{9A19103F-16F7-4668-BE54-9A1E7A4F7556}") = "Settings.Test", "test\unit\Settings.Test\Settings.Test.csproj", "{5BAA00BE-5E38-4C01-88D5-C2B7427ECA58}"
EndProject
Project("{2150E333-8FDC-42A3-9474-1A3956D46DE8}") = "CCOM.Net", "CCOM.Net", "{89DFCBA9-5D88-4DB0-9826-CB59E24A453D}"
EndProject
Project("{2150E333-8FDC-42A3-9474-1A3956D46DE8}") = "src", "src", "{85043B2A-3A57-4F9E-8E60-3EEBA3B9BEB9}"
EndProject
Project("{9A19103F-16F7-4668-BE54-9A1E7A4F7556}") = "CCOM.net", "Lib\CCOM.Net\src\CCOM.Net\CCOM.net.csproj", "{E760A084-2FE1-47BB-B6B3-422DE6A7B507}"
EndProject
Project("{9A19103F-16F7-4668-BE54-9A1E7A4F7556}") = "TaskQueueing.Test", "test\unit\TaskQueueing.Test\TaskQueueing.Test.csproj", "{87D8C9BA-E295-49AD-87DE-D6344FCF890A}"
EndProject
Project("{9A19103F-16F7-4668-BE54-9A1E7A4F7556}") = "CIRLib", "src\CIRLib\CIRLib.csproj", "{81ECB11E-FDFA-4FEB-A0F0-2C411154F435}"
EndProject
Project("{9A19103F-16F7-4668-BE54-9A1E7A4F7556}") = "CIRLib.Test", "test\unit\CIRLib.Test\CIRLib.Test.csproj", "{BD3A58F9-6140-46B8-8717-91809F8B568E}"
EndProject
Project("{9A19103F-16F7-4668-BE54-9A1E7A4F7556}") = "CIRLib.UI", "src\CIRLib.UI\CIRLib.UI.csproj", "{3FF5DFC1-A012-4AA2-BC1E-3B95ADCF0F01}"
EndProject
Project("{9A19103F-16F7-4668-BE54-9A1E7A4F7556}") = "StructureExample.Test", "test\unit\StructureExample.Test\StructureExample.Test.csproj", "{FF33C5B6-EEB7-40B8-8E5C-853139C72610}"
EndProject
Project("{9A19103F-16F7-4668-BE54-9A1E7A4F7556}") = "Transformation", "src\Transformation\Transformation.csproj", "{B5FA6526-81F2-44F9-94EA-C34142F3C183}"
EndProject
Project("{FAE04EC0-301F-11D3-BF4B-00C04F79EFBC}") = "Transformation.Test", "test\unit\Transformation.Test\Transformation.Test.csproj", "{2AEAFEDD-CA54-486D-9B1D-E3CB51478B76}"
EndProject
Project("{FAE04EC0-301F-11D3-BF4B-00C04F79EFBC}") = "OiieSettings", "src\OiieSettings\OiieSettings.csproj", "{ECACA767-31EB-4B9C-80CA-2FD4EAA73FC4}"
Project("{FAE04EC0-301F-11D3-BF4B-00C04F79EFBC}") = "Notifications", "src\Notifications\Notifications.csproj", "{2E3BCBC2-8911-4C27-A159-6E0328828697}"
EndProject
Project("{FAE04EC0-301F-11D3-BF4B-00C04F79EFBC}") = "Notifications.Test", "test\unit\Notifications.Test\Notifications.Test.csproj", "{7F435AFF-35F1-454B-8954-242E9DA7DC69}"
EndProject
Global
	GlobalSection(SolutionConfigurationPlatforms) = preSolution
		Debug|Any CPU = Debug|Any CPU
		Release|Any CPU = Release|Any CPU
	EndGlobalSection
	GlobalSection(ProjectConfigurationPlatforms) = postSolution
		{097FE834-9ECA-4C26-AF12-167B4AF36618}.Debug|Any CPU.ActiveCfg = Debug|Any CPU
		{097FE834-9ECA-4C26-AF12-167B4AF36618}.Debug|Any CPU.Build.0 = Debug|Any CPU
		{097FE834-9ECA-4C26-AF12-167B4AF36618}.Release|Any CPU.ActiveCfg = Release|Any CPU
		{097FE834-9ECA-4C26-AF12-167B4AF36618}.Release|Any CPU.Build.0 = Release|Any CPU
		{32DE7338-297E-4B7F-B7D4-A5148C96452F}.Debug|Any CPU.ActiveCfg = Debug|Any CPU
		{32DE7338-297E-4B7F-B7D4-A5148C96452F}.Debug|Any CPU.Build.0 = Debug|Any CPU
		{32DE7338-297E-4B7F-B7D4-A5148C96452F}.Release|Any CPU.ActiveCfg = Release|Any CPU
		{32DE7338-297E-4B7F-B7D4-A5148C96452F}.Release|Any CPU.Build.0 = Release|Any CPU
		{EDEC8C60-5D2B-4944-9905-E00AC654BFC6}.Debug|Any CPU.ActiveCfg = Debug|Any CPU
		{EDEC8C60-5D2B-4944-9905-E00AC654BFC6}.Debug|Any CPU.Build.0 = Debug|Any CPU
		{EDEC8C60-5D2B-4944-9905-E00AC654BFC6}.Release|Any CPU.ActiveCfg = Release|Any CPU
		{EDEC8C60-5D2B-4944-9905-E00AC654BFC6}.Release|Any CPU.Build.0 = Release|Any CPU
		{CEDB6C43-5B67-4B68-A9A5-2CCC074F58C5}.Debug|Any CPU.ActiveCfg = Debug|Any CPU
		{CEDB6C43-5B67-4B68-A9A5-2CCC074F58C5}.Debug|Any CPU.Build.0 = Debug|Any CPU
		{CEDB6C43-5B67-4B68-A9A5-2CCC074F58C5}.Release|Any CPU.ActiveCfg = Release|Any CPU
		{CEDB6C43-5B67-4B68-A9A5-2CCC074F58C5}.Release|Any CPU.Build.0 = Release|Any CPU
		{69AB5323-FA8B-42FB-9AB1-35D9EBB1BB28}.Debug|Any CPU.ActiveCfg = Debug|Any CPU
		{69AB5323-FA8B-42FB-9AB1-35D9EBB1BB28}.Debug|Any CPU.Build.0 = Debug|Any CPU
		{69AB5323-FA8B-42FB-9AB1-35D9EBB1BB28}.Release|Any CPU.ActiveCfg = Release|Any CPU
		{69AB5323-FA8B-42FB-9AB1-35D9EBB1BB28}.Release|Any CPU.Build.0 = Release|Any CPU
		{A20E2274-E6B8-4A91-8CC3-A693FC38EE0A}.Debug|Any CPU.ActiveCfg = Debug|Any CPU
		{A20E2274-E6B8-4A91-8CC3-A693FC38EE0A}.Debug|Any CPU.Build.0 = Debug|Any CPU
		{A20E2274-E6B8-4A91-8CC3-A693FC38EE0A}.Release|Any CPU.ActiveCfg = Release|Any CPU
		{A20E2274-E6B8-4A91-8CC3-A693FC38EE0A}.Release|Any CPU.Build.0 = Release|Any CPU
		{5BAA00BE-5E38-4C01-88D5-C2B7427ECA58}.Debug|Any CPU.ActiveCfg = Debug|Any CPU
		{5BAA00BE-5E38-4C01-88D5-C2B7427ECA58}.Debug|Any CPU.Build.0 = Debug|Any CPU
		{5BAA00BE-5E38-4C01-88D5-C2B7427ECA58}.Release|Any CPU.ActiveCfg = Release|Any CPU
		{5BAA00BE-5E38-4C01-88D5-C2B7427ECA58}.Release|Any CPU.Build.0 = Release|Any CPU
		{E760A084-2FE1-47BB-B6B3-422DE6A7B507}.Debug|Any CPU.ActiveCfg = Debug|Any CPU
		{E760A084-2FE1-47BB-B6B3-422DE6A7B507}.Debug|Any CPU.Build.0 = Debug|Any CPU
		{E760A084-2FE1-47BB-B6B3-422DE6A7B507}.Release|Any CPU.ActiveCfg = Release|Any CPU
		{E760A084-2FE1-47BB-B6B3-422DE6A7B507}.Release|Any CPU.Build.0 = Release|Any CPU
		{87D8C9BA-E295-49AD-87DE-D6344FCF890A}.Debug|Any CPU.ActiveCfg = Debug|Any CPU
		{87D8C9BA-E295-49AD-87DE-D6344FCF890A}.Debug|Any CPU.Build.0 = Debug|Any CPU
		{87D8C9BA-E295-49AD-87DE-D6344FCF890A}.Release|Any CPU.ActiveCfg = Release|Any CPU
		{87D8C9BA-E295-49AD-87DE-D6344FCF890A}.Release|Any CPU.Build.0 = Release|Any CPU
		{FF33C5B6-EEB7-40B8-8E5C-853139C72610}.Debug|Any CPU.ActiveCfg = Debug|Any CPU
		{FF33C5B6-EEB7-40B8-8E5C-853139C72610}.Debug|Any CPU.Build.0 = Debug|Any CPU
		{FF33C5B6-EEB7-40B8-8E5C-853139C72610}.Release|Any CPU.ActiveCfg = Release|Any CPU
		{FF33C5B6-EEB7-40B8-8E5C-853139C72610}.Release|Any CPU.Build.0 = Release|Any CPU
		{81ECB11E-FDFA-4FEB-A0F0-2C411154F435}.Debug|Any CPU.ActiveCfg = Debug|Any CPU
		{81ECB11E-FDFA-4FEB-A0F0-2C411154F435}.Debug|Any CPU.Build.0 = Debug|Any CPU
		{81ECB11E-FDFA-4FEB-A0F0-2C411154F435}.Release|Any CPU.ActiveCfg = Release|Any CPU
		{81ECB11E-FDFA-4FEB-A0F0-2C411154F435}.Release|Any CPU.Build.0 = Release|Any CPU
		{BD3A58F9-6140-46B8-8717-91809F8B568E}.Debug|Any CPU.ActiveCfg = Debug|Any CPU
		{BD3A58F9-6140-46B8-8717-91809F8B568E}.Debug|Any CPU.Build.0 = Debug|Any CPU
		{BD3A58F9-6140-46B8-8717-91809F8B568E}.Release|Any CPU.ActiveCfg = Release|Any CPU
		{BD3A58F9-6140-46B8-8717-91809F8B568E}.Release|Any CPU.Build.0 = Release|Any CPU
		{3FF5DFC1-A012-4AA2-BC1E-3B95ADCF0F01}.Debug|Any CPU.ActiveCfg = Debug|Any CPU
		{3FF5DFC1-A012-4AA2-BC1E-3B95ADCF0F01}.Debug|Any CPU.Build.0 = Debug|Any CPU
		{3FF5DFC1-A012-4AA2-BC1E-3B95ADCF0F01}.Release|Any CPU.ActiveCfg = Release|Any CPU
		{3FF5DFC1-A012-4AA2-BC1E-3B95ADCF0F01}.Release|Any CPU.Build.0 = Release|Any CPU
		{B5FA6526-81F2-44F9-94EA-C34142F3C183}.Debug|Any CPU.ActiveCfg = Debug|Any CPU
		{B5FA6526-81F2-44F9-94EA-C34142F3C183}.Debug|Any CPU.Build.0 = Debug|Any CPU
		{B5FA6526-81F2-44F9-94EA-C34142F3C183}.Release|Any CPU.ActiveCfg = Release|Any CPU
		{B5FA6526-81F2-44F9-94EA-C34142F3C183}.Release|Any CPU.Build.0 = Release|Any CPU
		{2AEAFEDD-CA54-486D-9B1D-E3CB51478B76}.Debug|Any CPU.ActiveCfg = Debug|Any CPU
		{2AEAFEDD-CA54-486D-9B1D-E3CB51478B76}.Debug|Any CPU.Build.0 = Debug|Any CPU
		{2AEAFEDD-CA54-486D-9B1D-E3CB51478B76}.Release|Any CPU.ActiveCfg = Release|Any CPU
		{2AEAFEDD-CA54-486D-9B1D-E3CB51478B76}.Release|Any CPU.Build.0 = Release|Any CPU
		{ECACA767-31EB-4B9C-80CA-2FD4EAA73FC4}.Debug|Any CPU.ActiveCfg = Debug|Any CPU
		{ECACA767-31EB-4B9C-80CA-2FD4EAA73FC4}.Debug|Any CPU.Build.0 = Debug|Any CPU
		{ECACA767-31EB-4B9C-80CA-2FD4EAA73FC4}.Release|Any CPU.ActiveCfg = Release|Any CPU
		{ECACA767-31EB-4B9C-80CA-2FD4EAA73FC4}.Release|Any CPU.Build.0 = Release|Any CPU
		{2E3BCBC2-8911-4C27-A159-6E0328828697}.Debug|Any CPU.ActiveCfg = Debug|Any CPU
		{2E3BCBC2-8911-4C27-A159-6E0328828697}.Debug|Any CPU.Build.0 = Debug|Any CPU
		{2E3BCBC2-8911-4C27-A159-6E0328828697}.Release|Any CPU.ActiveCfg = Release|Any CPU
		{2E3BCBC2-8911-4C27-A159-6E0328828697}.Release|Any CPU.Build.0 = Release|Any CPU
		{7F435AFF-35F1-454B-8954-242E9DA7DC69}.Debug|Any CPU.ActiveCfg = Debug|Any CPU
		{7F435AFF-35F1-454B-8954-242E9DA7DC69}.Debug|Any CPU.Build.0 = Debug|Any CPU
		{7F435AFF-35F1-454B-8954-242E9DA7DC69}.Release|Any CPU.ActiveCfg = Release|Any CPU
		{7F435AFF-35F1-454B-8954-242E9DA7DC69}.Release|Any CPU.Build.0 = Release|Any CPU
	EndGlobalSection
	GlobalSection(SolutionProperties) = preSolution
		HideSolutionNode = FALSE
	EndGlobalSection
	GlobalSection(NestedProjects) = preSolution
		{34CB2120-193B-4656-AA9A-D8F8872F243F} = {CE07EAEF-F402-4B7C-91C5-BB5FA5CBAACE}
		{52C531B3-DFC1-4A35-B609-EFF8311604AF} = {34CB2120-193B-4656-AA9A-D8F8872F243F}
		{097FE834-9ECA-4C26-AF12-167B4AF36618} = {52C531B3-DFC1-4A35-B609-EFF8311604AF}
		{32DE7338-297E-4B7F-B7D4-A5148C96452F} = {E315CC81-1F19-4BFC-8620-985988E85838}
		{EDEC8C60-5D2B-4944-9905-E00AC654BFC6} = {E315CC81-1F19-4BFC-8620-985988E85838}
		{CEDB6C43-5B67-4B68-A9A5-2CCC074F58C5} = {E315CC81-1F19-4BFC-8620-985988E85838}
		{69AB5323-FA8B-42FB-9AB1-35D9EBB1BB28} = {E315CC81-1F19-4BFC-8620-985988E85838}
		{A20E2274-E6B8-4A91-8CC3-A693FC38EE0A} = {52C531B3-DFC1-4A35-B609-EFF8311604AF}
		{55B3199C-8526-4B89-8CFD-C706AE7EFA7F} = {C76EBECF-303D-4D0E-947B-9B927EF60467}
		{5BAA00BE-5E38-4C01-88D5-C2B7427ECA58} = {55B3199C-8526-4B89-8CFD-C706AE7EFA7F}
		{89DFCBA9-5D88-4DB0-9826-CB59E24A453D} = {CE07EAEF-F402-4B7C-91C5-BB5FA5CBAACE}
		{85043B2A-3A57-4F9E-8E60-3EEBA3B9BEB9} = {89DFCBA9-5D88-4DB0-9826-CB59E24A453D}
		{E760A084-2FE1-47BB-B6B3-422DE6A7B507} = {85043B2A-3A57-4F9E-8E60-3EEBA3B9BEB9}
		{87D8C9BA-E295-49AD-87DE-D6344FCF890A} = {55B3199C-8526-4B89-8CFD-C706AE7EFA7F}
		{FF33C5B6-EEB7-40B8-8E5C-853139C72610} = {55B3199C-8526-4B89-8CFD-C706AE7EFA7F}
		{81ECB11E-FDFA-4FEB-A0F0-2C411154F435} = {E315CC81-1F19-4BFC-8620-985988E85838}
		{BD3A58F9-6140-46B8-8717-91809F8B568E} = {55B3199C-8526-4B89-8CFD-C706AE7EFA7F}
		{3FF5DFC1-A012-4AA2-BC1E-3B95ADCF0F01} = {E315CC81-1F19-4BFC-8620-985988E85838}
		{B5FA6526-81F2-44F9-94EA-C34142F3C183} = {E315CC81-1F19-4BFC-8620-985988E85838}
		{2AEAFEDD-CA54-486D-9B1D-E3CB51478B76} = {55B3199C-8526-4B89-8CFD-C706AE7EFA7F}
		{ECACA767-31EB-4B9C-80CA-2FD4EAA73FC4} = {E315CC81-1F19-4BFC-8620-985988E85838}
		{2E3BCBC2-8911-4C27-A159-6E0328828697} = {E315CC81-1F19-4BFC-8620-985988E85838}
		{7F435AFF-35F1-454B-8954-242E9DA7DC69} = {55B3199C-8526-4B89-8CFD-C706AE7EFA7F}
	EndGlobalSection
	GlobalSection(ExtensibilityGlobals) = postSolution
		SolutionGuid = {F5A6E8E2-8254-42CF-9FB4-BDFB9B2CB3FD}
	EndGlobalSection
EndGlobal
